// !$*UTF8*$!
{
	archiveVersion = 1;
	classes = {
	};
	objectVersion = 50;
	objects = {

/* Begin PBXBuildFile section */
		C061E93422B7A8D600E83360 /* AppDelegate.swift in Sources */ = {isa = PBXBuildFile; fileRef = C061E93322B7A8D600E83360 /* AppDelegate.swift */; };
		C061E93622B7A8D600E83360 /* ViewController.swift in Sources */ = {isa = PBXBuildFile; fileRef = C061E93522B7A8D600E83360 /* ViewController.swift */; };
		C061E93922B7A8D600E83360 /* Main.storyboard in Resources */ = {isa = PBXBuildFile; fileRef = C061E93722B7A8D600E83360 /* Main.storyboard */; };
		C061E93B22B7A8D900E83360 /* Assets.xcassets in Resources */ = {isa = PBXBuildFile; fileRef = C061E93A22B7A8D900E83360 /* Assets.xcassets */; };
		C061E93E22B7A8D900E83360 /* LaunchScreen.storyboard in Resources */ = {isa = PBXBuildFile; fileRef = C061E93C22B7A8D900E83360 /* LaunchScreen.storyboard */; };
		C061E94822B7A91100E83360 /* InfoCell.xib in Resources */ = {isa = PBXBuildFile; fileRef = C061E94622B7A91100E83360 /* InfoCell.xib */; };
		C061E94922B7A91100E83360 /* InfoCell.swift in Sources */ = {isa = PBXBuildFile; fileRef = C061E94722B7A91100E83360 /* InfoCell.swift */; };
		C061E94B22B7A9FD00E83360 /* NetStatus.swift in Sources */ = {isa = PBXBuildFile; fileRef = C061E94A22B7A9FD00E83360 /* NetStatus.swift */; };
/* End PBXBuildFile section */

/* Begin PBXFileReference section */
		C061E93022B7A8D600E83360 /* NetStatusDemo.app */ = {isa = PBXFileReference; explicitFileType = wrapper.application; includeInIndex = 0; path = NetStatusDemo.app; sourceTree = BUILT_PRODUCTS_DIR; };
		C061E93322B7A8D600E83360 /* AppDelegate.swift */ = {isa = PBXFileReference; lastKnownFileType = sourcecode.swift; path = AppDelegate.swift; sourceTree = "<group>"; };
		C061E93522B7A8D600E83360 /* ViewController.swift */ = {isa = PBXFileReference; lastKnownFileType = sourcecode.swift; path = ViewController.swift; sourceTree = "<group>"; };
		C061E93822B7A8D600E83360 /* Base */ = {isa = PBXFileReference; lastKnownFileType = file.storyboard; name = Base; path = Base.lproj/Main.storyboard; sourceTree = "<group>"; };
		C061E93A22B7A8D900E83360 /* Assets.xcassets */ = {isa = PBXFileReference; lastKnownFileType = folder.assetcatalog; path = Assets.xcassets; sourceTree = "<group>"; };
		C061E93D22B7A8D900E83360 /* Base */ = {isa = PBXFileReference; lastKnownFileType = file.storyboard; name = Base; path = Base.lproj/LaunchScreen.storyboard; sourceTree = "<group>"; };
		C061E93F22B7A8D900E83360 /* Info.plist */ = {isa = PBXFileReference; lastKnownFileType = text.plist.xml; path = Info.plist; sourceTree = "<group>"; };
		C061E94622B7A91100E83360 /* InfoCell.xib */ = {isa = PBXFileReference; fileEncoding = 4; lastKnownFileType = file.xib; path = InfoCell.xib; sourceTree = "<group>"; };
		C061E94722B7A91100E83360 /* InfoCell.swift */ = {isa = PBXFileReference; fileEncoding = 4; lastKnownFileType = sourcecode.swift; path = InfoCell.swift; sourceTree = "<group>"; };
		C061E94A22B7A9FD00E83360 /* NetStatus.swift */ = {isa = PBXFileReference; lastKnownFileType = sourcecode.swift; path = NetStatus.swift; sourceTree = "<group>"; };
/* End PBXFileReference section */

/* Begin PBXFrameworksBuildPhase section */
		C061E92D22B7A8D600E83360 /* Frameworks */ = {
			isa = PBXFrameworksBuildPhase;
			buildActionMask = 2147483647;
			files = (
			);
			runOnlyForDeploymentPostprocessing = 0;
		};
/* End PBXFrameworksBuildPhase section */

/* Begin PBXGroup section */
		C061E92722B7A8D600E83360 = {
			isa = PBXGroup;
			children = (
				C061E93222B7A8D600E83360 /* NetStatusDemo */,
				C061E93122B7A8D600E83360 /* Products */,
			);
			sourceTree = "<group>";
		};
		C061E93122B7A8D600E83360 /* Products */ = {
			isa = PBXGroup;
			children = (
				C061E93022B7A8D600E83360 /* NetStatusDemo.app */,
			);
			name = Products;
			sourceTree = "<group>";
		};
		C061E93222B7A8D600E83360 /* NetStatusDemo */ = {
			isa = PBXGroup;
			children = (
				C061E94522B7A8E600E83360 /* Custom Cell */,
				C061E93322B7A8D600E83360 /* AppDelegate.swift */,
				C061E93522B7A8D600E83360 /* ViewController.swift */,
				C061E94A22B7A9FD00E83360 /* NetStatus.swift */,
				C061E93722B7A8D600E83360 /* Main.storyboard */,
				C061E93A22B7A8D900E83360 /* Assets.xcassets */,
				C061E93C22B7A8D900E83360 /* LaunchScreen.storyboard */,
				C061E93F22B7A8D900E83360 /* Info.plist */,
			);
			path = NetStatusDemo;
			sourceTree = "<group>";
		};
		C061E94522B7A8E600E83360 /* Custom Cell */ = {
			isa = PBXGroup;
			children = (
				C061E94722B7A91100E83360 /* InfoCell.swift */,
				C061E94622B7A91100E83360 /* InfoCell.xib */,
			);
			path = "Custom Cell";
			sourceTree = "<group>";
		};
/* End PBXGroup section */

/* Begin PBXNativeTarget section */
		C061E92F22B7A8D600E83360 /* NetStatusDemo */ = {
			isa = PBXNativeTarget;
			buildConfigurationList = C061E94222B7A8D900E83360 /* Build configuration list for PBXNativeTarget "NetStatusDemo" */;
			buildPhases = (
				C061E92C22B7A8D600E83360 /* Sources */,
				C061E92D22B7A8D600E83360 /* Frameworks */,
				C061E92E22B7A8D600E83360 /* Resources */,
			);
			buildRules = (
			);
			dependencies = (
			);
			name = NetStatusDemo;
			productName = NetStatusDemo;
			productReference = C061E93022B7A8D600E83360 /* NetStatusDemo.app */;
			productType = "com.apple.product-type.application";
		};
/* End PBXNativeTarget section */

/* Begin PBXProject section */
		C061E92822B7A8D600E83360 /* Project object */ = {
			isa = PBXProject;
			attributes = {
				LastSwiftUpdateCheck = 1020;
				LastUpgradeCheck = 1020;
				ORGANIZATIONNAME = Appcoda;
				TargetAttributes = {
					C061E92F22B7A8D600E83360 = {
						CreatedOnToolsVersion = 10.2.1;
					};
				};
			};
			buildConfigurationList = C061E92B22B7A8D600E83360 /* Build configuration list for PBXProject "NetStatusDemo" */;
			compatibilityVersion = "Xcode 9.3";
			developmentRegion = en;
			hasScannedForEncodings = 0;
			knownRegions = (
				en,
				Base,
			);
			mainGroup = C061E92722B7A8D600E83360;
			productRefGroup = C061E93122B7A8D600E83360 /* Products */;
			projectDirPath = "";
			projectRoot = "";
			targets = (
				C061E92F22B7A8D600E83360 /* NetStatusDemo */,
			);
		};
/* End PBXProject section */

/* Begin PBXResourcesBuildPhase section */
		C061E92E22B7A8D600E83360 /* Resources */ = {
			isa = PBXResourcesBuildPhase;
			buildActionMask = 2147483647;
			files = (
				C061E93E22B7A8D900E83360 /* LaunchScreen.storyboard in Resources */,
				C061E94822B7A91100E83360 /* InfoCell.xib in Resources */,
				C061E93B22B7A8D900E83360 /* Assets.xcassets in Resources */,
				C061E93922B7A8D600E83360 /* Main.storyboard in Resources */,
			);
			runOnlyForDeploymentPostprocessing = 0;
		};
/* End PBXResourcesBuildPhase section */

/* Begin PBXSourcesBuildPhase section */
		C061E92C22B7A8D600E83360 /* Sources */ = {
			isa = PBXSourcesBuildPhase;
			buildActionMask = 2147483647;
			files = (
				C061E93622B7A8D600E83360 /* ViewController.swift in Sources */,
				C061E94B22B7A9FD00E83360 /* NetStatus.swift in Sources */,
				C061E93422B7A8D600E83360 /* AppDelegate.swift in Sources */,
				C061E94922B7A91100E83360 /* InfoCell.swift in Sources */,
			);
			runOnlyForDeploymentPostprocessing = 0;
		};
/* End PBXSourcesBuildPhase section */

/* Begin PBXVariantGroup section */
		C061E93722B7A8D600E83360 /* Main.storyboard */ = {
			isa = PBXVariantGroup;
			children = (
				C061E93822B7A8D600E83360 /* Base */,
			);
			name = Main.storyboard;
			sourceTree = "<group>";
		};
		C061E93C22B7A8D900E83360 /* LaunchScreen.storyboard */ = {
			isa = PBXVariantGroup;
			children = (
				C061E93D22B7A8D900E83360 /* Base */,
			);
			name = LaunchScreen.storyboard;
			sourceTree = "<group>";
		};
/* End PBXVariantGroup section */

/* Begin XCBuildConfiguration section */
		C061E94022B7A8D900E83360 /* Debug */ = {
			isa = XCBuildConfiguration;
			buildSettings = {
				ALWAYS_SEARCH_USER_PATHS = NO;
				CLANG_ANALYZER_NONNULL = YES;
				CLANG_ANALYZER_NUMBER_OBJECT_CONVERSION = YES_AGGRESSIVE;
				CLANG_CXX_LANGUAGE_STANDARD = "gnu++14";
				CLANG_CXX_LIBRARY = "libc++";
				CLANG_ENABLE_MODULES = YES;
				CLANG_ENABLE_OBJC_ARC = YES;
				CLANG_ENABLE_OBJC_WEAK = YES;
				CLANG_WARN_BLOCK_CAPTURE_AUTORELEASING = YES;
				CLANG_WARN_BOOL_CONVERSION = YES;
				CLANG_WARN_COMMA = YES;
				CLANG_WARN_CONSTANT_CONVERSION = YES;
				CLANG_WARN_DEPRECATED_OBJC_IMPLEMENTATIONS = YES;
				CLANG_WARN_DIRECT_OBJC_ISA_USAGE = YES_ERROR;
				CLANG_WARN_DOCUMENTATION_COMMENTS = YES;
				CLANG_WARN_EMPTY_BODY = YES;
				CLANG_WARN_ENUM_CONVERSION = YES;
				CLANG_WARN_INFINITE_RECURSION = YES;
				CLANG_WARN_INT_CONVERSION = YES;
				CLANG_WARN_NON_LITERAL_NULL_CONVERSION = YES;
				CLANG_WARN_OBJC_IMPLICIT_RETAIN_SELF = YES;
				CLANG_WARN_OBJC_LITERAL_CONVERSION = YES;
				CLANG_WARN_OBJC_ROOT_CLASS = YES_ERROR;
				CLANG_WARN_RANGE_LOOP_ANALYSIS = YES;
				CLANG_WARN_STRICT_PROTOTYPES = YES;
				CLANG_WARN_SUSPICIOUS_MOVE = YES;
				CLANG_WARN_UNGUARDED_AVAILABILITY = YES_AGGRESSIVE;
				CLANG_WARN_UNREACHABLE_CODE = YES;
				CLANG_WARN__DUPLICATE_METHOD_MATCH = YES;
				CODE_SIGN_IDENTITY = "iPhone Developer";
				COPY_PHASE_STRIP = NO;
				DEBUG_INFORMATION_FORMAT = dwarf;
				ENABLE_STRICT_OBJC_MSGSEND = YES;
				ENABLE_TESTABILITY = YES;
				GCC_C_LANGUAGE_STANDARD = gnu11;
				GCC_DYNAMIC_NO_PIC = NO;
				GCC_NO_COMMON_BLOCKS = YES;
				GCC_OPTIMIZATION_LEVEL = 0;
				GCC_PREPROCESSOR_DEFINITIONS = (
					"DEBUG=1",
					"$(inherited)",
				);
				GCC_WARN_64_TO_32_BIT_CONVERSION = YES;
				GCC_WARN_ABOUT_RETURN_TYPE = YES_ERROR;
				GCC_WARN_UNDECLARED_SELECTOR = YES;
				GCC_WARN_UNINITIALIZED_AUTOS = YES_AGGRESSIVE;
				GCC_WARN_UNUSED_FUNCTION = YES;
				GCC_WARN_UNUSED_VARIABLE = YES;
				IPHONEOS_DEPLOYMENT_TARGET = 12.2;
				MTL_ENABLE_DEBUG_INFO = INCLUDE_SOURCE;
				MTL_FAST_MATH = YES;
				ONLY_ACTIVE_ARCH = YES;
				SDKROOT = iphoneos;
				SWIFT_ACTIVE_COMPILATION_CONDITIONS = DEBUG;
				SWIFT_OPTIMIZATION_LEVEL = "-Onone";
			};
			name = Debug;
		};
		C061E94122B7A8D900E83360 /* Release */ = {
			isa = XCBuildConfiguration;
			buildSettings = {
				ALWAYS_SEARCH_USER_PATHS = NO;
				CLANG_ANALYZER_NONNULL = YES;
				CLANG_ANALYZER_NUMBER_OBJECT_CONVERSION = YES_AGGRESSIVE;
				CLANG_CXX_LANGUAGE_STANDARD = "gnu++14";
				CLANG_CXX_LIBRARY = "libc++";
				CLANG_ENABLE_MODULES = YES;
				CLANG_ENABLE_OBJC_ARC = YES;
				CLANG_ENABLE_OBJC_WEAK = YES;
				CLANG_WARN_BLOCK_CAPTURE_AUTORELEASING = YES;
				CLANG_WARN_BOOL_CONVERSION = YES;
				CLANG_WARN_COMMA = YES;
				CLANG_WARN_CONSTANT_CONVERSION = YES;
				CLANG_WARN_DEPRECATED_OBJC_IMPLEMENTATIONS = YES;
				CLANG_WARN_DIRECT_OBJC_ISA_USAGE = YES_ERROR;
				CLANG_WARN_DOCUMENTATION_COMMENTS = YES;
				CLANG_WARN_EMPTY_BODY = YES;
				CLANG_WARN_ENUM_CONVERSION = YES;
				CLANG_WARN_INFINITE_RECURSION = YES;
				CLANG_WARN_INT_CONVERSION = YES;
				CLANG_WARN_NON_LITERAL_NULL_CONVERSION = YES;
				CLANG_WARN_OBJC_IMPLICIT_RETAIN_SELF = YES;
				CLANG_WARN_OBJC_LITERAL_CONVERSION = YES;
				CLANG_WARN_OBJC_ROOT_CLASS = YES_ERROR;
				CLANG_WARN_RANGE_LOOP_ANALYSIS = YES;
				CLANG_WARN_STRICT_PROTOTYPES = YES;
				CLANG_WARN_SUSPICIOUS_MOVE = YES;
				CLANG_WARN_UNGUARDED_AVAILABILITY = YES_AGGRESSIVE;
				CLANG_WARN_UNREACHABLE_CODE = YES;
				CLANG_WARN__DUPLICATE_METHOD_MATCH = YES;
				CODE_SIGN_IDENTITY = "iPhone Developer";
				COPY_PHASE_STRIP = NO;
				DEBUG_INFORMATION_FORMAT = "dwarf-with-dsym";
				ENABLE_NS_ASSERTIONS = NO;
				ENABLE_STRICT_OBJC_MSGSEND = YES;
				GCC_C_LANGUAGE_STANDARD = gnu11;
				GCC_NO_COMMON_BLOCKS = YES;
				GCC_WARN_64_TO_32_BIT_CONVERSION = YES;
				GCC_WARN_ABOUT_RETURN_TYPE = YES_ERROR;
				GCC_WARN_UNDECLARED_SELECTOR = YES;
				GCC_WARN_UNINITIALIZED_AUTOS = YES_AGGRESSIVE;
				GCC_WARN_UNUSED_FUNCTION = YES;
				GCC_WARN_UNUSED_VARIABLE = YES;
				IPHONEOS_DEPLOYMENT_TARGET = 12.2;
				MTL_ENABLE_DEBUG_INFO = NO;
				MTL_FAST_MATH = YES;
				SDKROOT = iphoneos;
				SWIFT_COMPILATION_MODE = wholemodule;
				SWIFT_OPTIMIZATION_LEVEL = "-O";
				VALIDATE_PRODUCT = YES;
			};
			name = Release;
		};
		C061E94322B7A8D900E83360 /* Debug */ = {
			isa = XCBuildConfiguration;
			buildSettings = {
				ASSETCATALOG_COMPILER_APPICON_NAME = AppIcon;
				CODE_SIGN_STYLE = Automatic;
				DEVELOPMENT_TEAM = 9BTCAVN99V;
				INFOPLIST_FILE = NetStatusDemo/Info.plist;
				IPHONEOS_DEPLOYMENT_TARGET = 12.0;
				LD_RUNPATH_SEARCH_PATHS = (
					"$(inherited)",
					"@executable_path/Frameworks",
				);
				PRODUCT_BUNDLE_IDENTIFIER = com.appcoda.NetStatusDemo;
				PRODUCT_NAME = "$(TARGET_NAME)";
				SWIFT_VERSION = 5.0;
				TARGETED_DEVICE_FAMILY = "1,2";
			};
			name = Debug;
		};
		C061E94422B7A8D900E83360 /* Release */ = {
			isa = XCBuildConfiguration;
			buildSettings = {
				ASSETCATALOG_COMPILER_APPICON_NAME = AppIcon;
				CODE_SIGN_STYLE = Automatic;
				DEVELOPMENT_TEAM = 9BTCAVN99V;
				INFOPLIST_FILE = NetStatusDemo/Info.plist;
				IPHONEOS_DEPLOYMENT_TARGET = 12.0;
				LD_RUNPATH_SEARCH_PATHS = (
					"$(inherited)",
					"@executable_path/Frameworks",
				);
				PRODUCT_BUNDLE_IDENTIFIER = com.appcoda.NetStatusDemo;
				PRODUCT_NAME = "$(TARGET_NAME)";
				SWIFT_VERSION = 5.0;
				TARGETED_DEVICE_FAMILY = "1,2";
			};
			name = Release;
		};
/* End XCBuildConfiguration section */

/* Begin XCConfigurationList section */
		C061E92B22B7A8D600E83360 /* Build configuration list for PBXProject "NetStatusDemo" */ = {
			isa = XCConfigurationList;
			buildConfigurations = (
				C061E94022B7A8D900E83360 /* Debug */,
				C061E94122B7A8D900E83360 /* Release */,
			);
			defaultConfigurationIsVisible = 0;
			defaultConfigurationName = Release;
		};
		C061E94222B7A8D900E83360 /* Build configuration list for PBXNativeTarget "NetStatusDemo" */ = {
			isa = XCConfigurationList;
			buildConfigurations = (
				C061E94322B7A8D900E83360 /* Debug */,
				C061E94422B7A8D900E83360 /* Release */,
			);
			defaultConfigurationIsVisible = 0;
			defaultConfigurationName = Release;
		};
/* End XCConfigurationList section */
	};
	rootObject = C061E92822B7A8D600E83360 /* Project object */;
}
